
Microsoft Visual Studio Solution File, Format Version 12.00
# Visual Studio Version 16
VisualStudioVersion = 16.0.29230.47
MinimumVisualStudioVersion = 10.0.40219.1
Project("{FAE04EC0-301F-11D3-BF4B-00C04F79EFBC}") = "DateDeff", "DateDeff\DateDeff.csproj", "{DE6DA4A2-9D95-43C4-839C-39D65DBF4ACA}"
EndProject
Project("{FAE04EC0-301F-11D3-BF4B-00C04F79EFBC}") = "UnitTestProject1", "UnitTestProject1\UnitTestProject1.csproj", "{3B9679FC-5A0A-4D3D-A4C0-AC283B8F690B}"
EndProject
Global
	GlobalSection(SolutionConfigurationPlatforms) = preSolution
		Debug|Any CPU = Debug|Any CPU
		Release|Any CPU = Release|Any CPU
	EndGlobalSection
	GlobalSection(ProjectConfigurationPlatforms) = postSolution
		{DE6DA4A2-9D95-43C4-839C-39D65DBF4ACA}.Debug|Any CPU.ActiveCfg = Debug|Any CPU
		{DE6DA4A2-9D95-43C4-839C-39D65DBF4ACA}.Debug|Any CPU.Build.0 = Debug|Any CPU
		{DE6DA4A2-9D95-43C4-839C-39D65DBF4ACA}.Release|Any CPU.ActiveCfg = Release|Any CPU
		{DE6DA4A2-9D95-43C4-839C-39D65DBF4ACA}.Release|Any CPU.Build.0 = Release|Any CPU
		{3B9679FC-5A0A-4D3D-A4C0-AC283B8F690B}.Debug|Any CPU.ActiveCfg = Debug|Any CPU
		{3B9679FC-5A0A-4D3D-A4C0-AC283B8F690B}.Debug|Any CPU.Build.0 = Debug|Any CPU
		{3B9679FC-5A0A-4D3D-A4C0-AC283B8F690B}.Release|Any CPU.ActiveCfg = Release|Any CPU
		{3B9679FC-5A0A-4D3D-A4C0-AC283B8F690B}.Release|Any CPU.Build.0 = Release|Any CPU
	EndGlobalSection
	GlobalSection(SolutionProperties) = preSolution
		HideSolutionNode = FALSE
	EndGlobalSection
	GlobalSection(ExtensibilityGlobals) = postSolution
		SolutionGuid = {261477AF-2EC5-4002-B314-02520EB9FD56}
	EndGlobalSection
EndGlobal
